
Microsoft Visual Studio Solution File, Format Version 12.00
# Visual Studio Version 16
VisualStudioVersion = 16.0.29709.97
MinimumVisualStudioVersion = 10.0.40219.1
Project("{FAE04EC0-301F-11D3-BF4B-00C04F79EFBC}") = "CarServiceApp", "CarServiceApp\CarServiceApp.csproj", "{3FA263C3-DDF1-4120-8125-0AF978C507D3}"
EndProject
Project("{FAE04EC0-301F-11D3-BF4B-00C04F79EFBC}") = "CarServiceDesktop", "CarServiceDesktop\CarServiceDesktop.csproj", "{31EB9491-B502-47DE-8D4B-082458796553}"
EndProject
Global
	GlobalSection(SolutionConfigurationPlatforms) = preSolution
		Debug|Any CPU = Debug|Any CPU
		Release|Any CPU = Release|Any CPU
	EndGlobalSection
	GlobalSection(ProjectConfigurationPlatforms) = postSolution
		{3FA263C3-DDF1-4120-8125-0AF978C507D3}.Debug|Any CPU.ActiveCfg = Debug|Any CPU
		{3FA263C3-DDF1-4120-8125-0AF978C507D3}.Debug|Any CPU.Build.0 = Debug|Any CPU
		{3FA263C3-DDF1-4120-8125-0AF978C507D3}.Release|Any CPU.ActiveCfg = Release|Any CPU
		{3FA263C3-DDF1-4120-8125-0AF978C507D3}.Release|Any CPU.Build.0 = Release|Any CPU
		{31EB9491-B502-47DE-8D4B-082458796553}.Debug|Any CPU.ActiveCfg = Debug|Any CPU
		{31EB9491-B502-47DE-8D4B-082458796553}.Debug|Any CPU.Build.0 = Debug|Any CPU
		{31EB9491-B502-47DE-8D4B-082458796553}.Release|Any CPU.ActiveCfg = Release|Any CPU
		{31EB9491-B502-47DE-8D4B-082458796553}.Release|Any CPU.Build.0 = Release|Any CPU
	EndGlobalSection
	GlobalSection(SolutionProperties) = preSolution
		HideSolutionNode = FALSE
	EndGlobalSection
	GlobalSection(ExtensibilityGlobals) = postSolution
		SolutionGuid = {5DCEE26F-3E48-4825-B6D8-E6E2FED1099A}
	EndGlobalSection
EndGlobal
